
Microsoft Visual Studio Solution File, Format Version 12.00
# Visual Studio Version 17
VisualStudioVersion = 17.0.31903.59
MinimumVisualStudioVersion = 10.0.40219.1
Project("{2150E333-8FDC-42A3-9474-1A3956D46DE8}") = "src", "src", "{80847FFE-24B0-4D60-8B68-9C523218D5DA}"
EndProject
Project("{2150E333-8FDC-42A3-9474-1A3956D46DE8}") = "Services", "Services", "{F684AE6F-A089-486F-8FDC-7AEF2894BB61}"
EndProject
Project("{2150E333-8FDC-42A3-9474-1A3956D46DE8}") = "EmailService", "EmailService", "{2CA69D73-BAF9-49A9-84A2-856D68A0CC0C}"
EndProject
Project("{FAE04EC0-301F-11D3-BF4B-00C04F79EFBC}") = "EmailService.API", "src\Services\EmailService\EmailService.API\EmailService.API.csproj", "{5E83ED79-A13B-401C-98B5-859DA56FEA96}"
EndProject
Project("{FAE04EC0-301F-11D3-BF4B-00C04F79EFBC}") = "EmailService.FunctionalTests", "src\Services\EmailService\EmailService.FunctionalTests\EmailService.FunctionalTests.csproj", "{D75F5E86-CC57-4E53-9F5F-235239642E14}"
EndProject
Project("{2150E333-8FDC-42A3-9474-1A3956D46DE8}") = "Gateway", "Gateway", "{470FEF3A-071D-4D98-B761-133C32EF623F}"
EndProject
Project("{FAE04EC0-301F-11D3-BF4B-00C04F79EFBC}") = "Gateway.API", "src\Gateway\Gateway.API\Gateway.API.csproj", "{B6BA1C31-63DD-4543-9690-35E5674A8F6E}"
EndProject
Project("{2150E333-8FDC-42A3-9474-1A3956D46DE8}") = "TaskService", "TaskService", "{DB3D39CE-B1C4-4678-994A-052934543C9B}"
EndProject
Project("{FAE04EC0-301F-11D3-BF4B-00C04F79EFBC}") = "TaskService.API", "src\Services\TaskService\TaskService.API\TaskService.API.csproj", "{1DE68F71-DD51-44E9-AC8C-26B7A1A81BB2}"
EndProject
Project("{FAE04EC0-301F-11D3-BF4B-00C04F79EFBC}") = "TaskService.Application", "src\Services\TaskService\TaskService.Application\TaskService.Application.csproj", "{09B05E92-2AA0-4C31-A807-260A0A73B28B}"
EndProject
Project("{FAE04EC0-301F-11D3-BF4B-00C04F79EFBC}") = "TaskService.Infrastructure", "src\Services\TaskService\TaskService.Infrastructure\TaskService.Infrastructure.csproj", "{1620859B-38B5-4617-95F5-9C493161E024}"
EndProject
Project("{FAE04EC0-301F-11D3-BF4B-00C04F79EFBC}") = "TaskService.Domain", "src\Services\TaskService\TaskService.Domain\TaskService.Domain.csproj", "{4B972307-022C-4AEA-845B-AA4334E9058D}"
EndProject
Project("{FAE04EC0-301F-11D3-BF4B-00C04F79EFBC}") = "TaskService.FunctionalTests", "src\Services\TaskService\TaskService.FunctionalTests\TaskService.FunctionalTests.csproj", "{413950C7-06EB-4B86-A9F6-92A46CFC4AD2}"
EndProject
Global
	GlobalSection(SolutionConfigurationPlatforms) = preSolution
		Debug|Any CPU = Debug|Any CPU
		Release|Any CPU = Release|Any CPU
	EndGlobalSection
	GlobalSection(SolutionProperties) = preSolution
		HideSolutionNode = FALSE
	EndGlobalSection
	GlobalSection(ProjectConfigurationPlatforms) = postSolution
		{5E83ED79-A13B-401C-98B5-859DA56FEA96}.Debug|Any CPU.ActiveCfg = Debug|Any CPU
		{5E83ED79-A13B-401C-98B5-859DA56FEA96}.Debug|Any CPU.Build.0 = Debug|Any CPU
		{5E83ED79-A13B-401C-98B5-859DA56FEA96}.Release|Any CPU.ActiveCfg = Release|Any CPU
		{5E83ED79-A13B-401C-98B5-859DA56FEA96}.Release|Any CPU.Build.0 = Release|Any CPU
		{D75F5E86-CC57-4E53-9F5F-235239642E14}.Debug|Any CPU.ActiveCfg = Debug|Any CPU
		{D75F5E86-CC57-4E53-9F5F-235239642E14}.Debug|Any CPU.Build.0 = Debug|Any CPU
		{D75F5E86-CC57-4E53-9F5F-235239642E14}.Release|Any CPU.ActiveCfg = Release|Any CPU
		{D75F5E86-CC57-4E53-9F5F-235239642E14}.Release|Any CPU.Build.0 = Release|Any CPU
		{B6BA1C31-63DD-4543-9690-35E5674A8F6E}.Debug|Any CPU.ActiveCfg = Debug|Any CPU
		{B6BA1C31-63DD-4543-9690-35E5674A8F6E}.Debug|Any CPU.Build.0 = Debug|Any CPU
		{B6BA1C31-63DD-4543-9690-35E5674A8F6E}.Release|Any CPU.ActiveCfg = Release|Any CPU
		{B6BA1C31-63DD-4543-9690-35E5674A8F6E}.Release|Any CPU.Build.0 = Release|Any CPU
		{1DE68F71-DD51-44E9-AC8C-26B7A1A81BB2}.Debug|Any CPU.ActiveCfg = Debug|Any CPU
		{1DE68F71-DD51-44E9-AC8C-26B7A1A81BB2}.Debug|Any CPU.Build.0 = Debug|Any CPU
		{1DE68F71-DD51-44E9-AC8C-26B7A1A81BB2}.Release|Any CPU.ActiveCfg = Release|Any CPU
		{1DE68F71-DD51-44E9-AC8C-26B7A1A81BB2}.Release|Any CPU.Build.0 = Release|Any CPU
		{09B05E92-2AA0-4C31-A807-260A0A73B28B}.Debug|Any CPU.ActiveCfg = Debug|Any CPU
		{09B05E92-2AA0-4C31-A807-260A0A73B28B}.Debug|Any CPU.Build.0 = Debug|Any CPU
		{09B05E92-2AA0-4C31-A807-260A0A73B28B}.Release|Any CPU.ActiveCfg = Release|Any CPU
		{09B05E92-2AA0-4C31-A807-260A0A73B28B}.Release|Any CPU.Build.0 = Release|Any CPU
		{1620859B-38B5-4617-95F5-9C493161E024}.Debug|Any CPU.ActiveCfg = Debug|Any CPU
		{1620859B-38B5-4617-95F5-9C493161E024}.Debug|Any CPU.Build.0 = Debug|Any CPU
		{1620859B-38B5-4617-95F5-9C493161E024}.Release|Any CPU.ActiveCfg = Release|Any CPU
		{1620859B-38B5-4617-95F5-9C493161E024}.Release|Any CPU.Build.0 = Release|Any CPU
		{4B972307-022C-4AEA-845B-AA4334E9058D}.Debug|Any CPU.ActiveCfg = Debug|Any CPU
		{4B972307-022C-4AEA-845B-AA4334E9058D}.Debug|Any CPU.Build.0 = Debug|Any CPU
		{4B972307-022C-4AEA-845B-AA4334E9058D}.Release|Any CPU.ActiveCfg = Release|Any CPU
		{4B972307-022C-4AEA-845B-AA4334E9058D}.Release|Any CPU.Build.0 = Release|Any CPU
		{413950C7-06EB-4B86-A9F6-92A46CFC4AD2}.Debug|Any CPU.ActiveCfg = Debug|Any CPU
		{413950C7-06EB-4B86-A9F6-92A46CFC4AD2}.Debug|Any CPU.Build.0 = Debug|Any CPU
		{413950C7-06EB-4B86-A9F6-92A46CFC4AD2}.Release|Any CPU.ActiveCfg = Release|Any CPU
		{413950C7-06EB-4B86-A9F6-92A46CFC4AD2}.Release|Any CPU.Build.0 = Release|Any CPU
	EndGlobalSection
	GlobalSection(NestedProjects) = preSolution
		{F684AE6F-A089-486F-8FDC-7AEF2894BB61} = {80847FFE-24B0-4D60-8B68-9C523218D5DA}
		{2CA69D73-BAF9-49A9-84A2-856D68A0CC0C} = {F684AE6F-A089-486F-8FDC-7AEF2894BB61}
		{5E83ED79-A13B-401C-98B5-859DA56FEA96} = {2CA69D73-BAF9-49A9-84A2-856D68A0CC0C}
		{D75F5E86-CC57-4E53-9F5F-235239642E14} = {2CA69D73-BAF9-49A9-84A2-856D68A0CC0C}
		{470FEF3A-071D-4D98-B761-133C32EF623F} = {80847FFE-24B0-4D60-8B68-9C523218D5DA}
		{B6BA1C31-63DD-4543-9690-35E5674A8F6E} = {470FEF3A-071D-4D98-B761-133C32EF623F}
		{DB3D39CE-B1C4-4678-994A-052934543C9B} = {F684AE6F-A089-486F-8FDC-7AEF2894BB61}
		{1DE68F71-DD51-44E9-AC8C-26B7A1A81BB2} = {DB3D39CE-B1C4-4678-994A-052934543C9B}
		{09B05E92-2AA0-4C31-A807-260A0A73B28B} = {DB3D39CE-B1C4-4678-994A-052934543C9B}
		{1620859B-38B5-4617-95F5-9C493161E024} = {DB3D39CE-B1C4-4678-994A-052934543C9B}
		{4B972307-022C-4AEA-845B-AA4334E9058D} = {DB3D39CE-B1C4-4678-994A-052934543C9B}
		{413950C7-06EB-4B86-A9F6-92A46CFC4AD2} = {DB3D39CE-B1C4-4678-994A-052934543C9B}
	EndGlobalSection
EndGlobal
