
Microsoft Visual Studio Solution File, Format Version 12.00
# Visual Studio Version 17
VisualStudioVersion = 17.0.31903.59
MinimumVisualStudioVersion = 10.0.40219.1
EndProject
Project("{FAE04EC0-301F-11D3-BF4B-00C04F79EFBC}") = "TaskService.Domain", "src\Services\TaskService\TaskService.Domain\TaskService.Domain.csproj", "{6DD42BD9-C764-4831-9F81-5164DCB41260}"
EndProject
Project("{FAE04EC0-301F-11D3-BF4B-00C04F79EFBC}") = "TaskService.Application", "src\Services\TaskService\TaskService.Application\TaskService.Application.csproj", "{1AF77A88-C638-4211-A869-12CF6852E2EF}"
EndProject
Project("{FAE04EC0-301F-11D3-BF4B-00C04F79EFBC}") = "TaskService.Infrastructure", "src\Services\TaskService\TaskService.Infrastructure\TaskService.Infrastructure.csproj", "{0AB9B56E-CAAF-4FDA-BD68-320A80234E35}"
EndProject
Project("{FAE04EC0-301F-11D3-BF4B-00C04F79EFBC}") = "TaskService.Api", "src\Services\TaskService\TaskService.Api\TaskService.Api.csproj", "{C1B23FC1-94F7-465B-8741-14E6DB0B8C44}"
EndProject
Project("{FAE04EC0-301F-11D3-BF4B-00C04F79EFBC}") = "EmailService.API", "src\Services\EmailService\EmailService.API\EmailService.API.csproj", "{39ABEA6C-DFDD-4725-8D93-2E467F369A7E}"
EndProject
Project("{FAE04EC0-301F-11D3-BF4B-00C04F79EFBC}") = "EmailService.FunctionalTests", "src\Services\EmailService\EmailService.FunctionalTests\EmailService.FunctionalTests.csproj", "{B3C33610-FAB3-4C12-A5FD-354D701C2124}"
EndProject
Project("{FAE04EC0-301F-11D3-BF4B-00C04F79EFBC}") = "TaskService.FunctionalTests", "src\Services\TaskService\TaskService.FunctionalTests\TaskService.FunctionalTests.csproj", "{C53A1C12-A6A4-4FB3-97F4-92B1BDA5B6FA}"
EndProject
Global
	GlobalSection(SolutionConfigurationPlatforms) = preSolution
		Debug|Any CPU = Debug|Any CPU
		Release|Any CPU = Release|Any CPU
	EndGlobalSection
	GlobalSection(ProjectConfigurationPlatforms) = postSolution
		{CD547207-1598-4F71-8A18-9BED451388CF}.Debug|Any CPU.ActiveCfg = Debug|Any CPU
		{CD547207-1598-4F71-8A18-9BED451388CF}.Debug|Any CPU.Build.0 = Debug|Any CPU
		{CD547207-1598-4F71-8A18-9BED451388CF}.Release|Any CPU.ActiveCfg = Release|Any CPU
		{CD547207-1598-4F71-8A18-9BED451388CF}.Release|Any CPU.Build.0 = Release|Any CPU
		{A3E74FD8-1D03-4C80-B6E7-6423593A81C1}.Debug|Any CPU.ActiveCfg = Debug|Any CPU
		{A3E74FD8-1D03-4C80-B6E7-6423593A81C1}.Debug|Any CPU.Build.0 = Debug|Any CPU
		{A3E74FD8-1D03-4C80-B6E7-6423593A81C1}.Release|Any CPU.ActiveCfg = Release|Any CPU
		{A3E74FD8-1D03-4C80-B6E7-6423593A81C1}.Release|Any CPU.Build.0 = Release|Any CPU
		{1DE7CC59-AD64-4E25-AC8E-A5E926F27747}.Debug|Any CPU.ActiveCfg = Debug|Any CPU
		{1DE7CC59-AD64-4E25-AC8E-A5E926F27747}.Debug|Any CPU.Build.0 = Debug|Any CPU
		{1DE7CC59-AD64-4E25-AC8E-A5E926F27747}.Release|Any CPU.ActiveCfg = Release|Any CPU
		{1DE7CC59-AD64-4E25-AC8E-A5E926F27747}.Release|Any CPU.Build.0 = Release|Any CPU
		{BB908377-71FE-43EA-8918-7BF859A0C8EA}.Debug|Any CPU.ActiveCfg = Debug|Any CPU
		{BB908377-71FE-43EA-8918-7BF859A0C8EA}.Debug|Any CPU.Build.0 = Debug|Any CPU
		{BB908377-71FE-43EA-8918-7BF859A0C8EA}.Release|Any CPU.ActiveCfg = Release|Any CPU
		{BB908377-71FE-43EA-8918-7BF859A0C8EA}.Release|Any CPU.Build.0 = Release|Any CPU
		{6DD42BD9-C764-4831-9F81-5164DCB41260}.Debug|Any CPU.ActiveCfg = Debug|Any CPU
		{6DD42BD9-C764-4831-9F81-5164DCB41260}.Debug|Any CPU.Build.0 = Debug|Any CPU
		{6DD42BD9-C764-4831-9F81-5164DCB41260}.Release|Any CPU.ActiveCfg = Release|Any CPU
		{6DD42BD9-C764-4831-9F81-5164DCB41260}.Release|Any CPU.Build.0 = Release|Any CPU
		{1AF77A88-C638-4211-A869-12CF6852E2EF}.Debug|Any CPU.ActiveCfg = Debug|Any CPU
		{1AF77A88-C638-4211-A869-12CF6852E2EF}.Debug|Any CPU.Build.0 = Debug|Any CPU
		{1AF77A88-C638-4211-A869-12CF6852E2EF}.Release|Any CPU.ActiveCfg = Release|Any CPU
		{1AF77A88-C638-4211-A869-12CF6852E2EF}.Release|Any CPU.Build.0 = Release|Any CPU
		{0AB9B56E-CAAF-4FDA-BD68-320A80234E35}.Debug|Any CPU.ActiveCfg = Debug|Any CPU
		{0AB9B56E-CAAF-4FDA-BD68-320A80234E35}.Debug|Any CPU.Build.0 = Debug|Any CPU
		{0AB9B56E-CAAF-4FDA-BD68-320A80234E35}.Release|Any CPU.ActiveCfg = Release|Any CPU
		{0AB9B56E-CAAF-4FDA-BD68-320A80234E35}.Release|Any CPU.Build.0 = Release|Any CPU
		{C1B23FC1-94F7-465B-8741-14E6DB0B8C44}.Debug|Any CPU.ActiveCfg = Debug|Any CPU
		{C1B23FC1-94F7-465B-8741-14E6DB0B8C44}.Debug|Any CPU.Build.0 = Debug|Any CPU
		{C1B23FC1-94F7-465B-8741-14E6DB0B8C44}.Release|Any CPU.ActiveCfg = Release|Any CPU
		{C1B23FC1-94F7-465B-8741-14E6DB0B8C44}.Release|Any CPU.Build.0 = Release|Any CPU
		{A85E9B40-943D-4B79-BB9C-BA49AC4310A9}.Debug|Any CPU.ActiveCfg = Debug|Any CPU
		{A85E9B40-943D-4B79-BB9C-BA49AC4310A9}.Debug|Any CPU.Build.0 = Debug|Any CPU
		{A85E9B40-943D-4B79-BB9C-BA49AC4310A9}.Release|Any CPU.ActiveCfg = Release|Any CPU
		{A85E9B40-943D-4B79-BB9C-BA49AC4310A9}.Release|Any CPU.Build.0 = Release|Any CPU
		{A14FF37F-1D01-470F-82B9-B98D0BA1F39B}.Debug|Any CPU.ActiveCfg = Debug|Any CPU
		{A14FF37F-1D01-470F-82B9-B98D0BA1F39B}.Debug|Any CPU.Build.0 = Debug|Any CPU
		{A14FF37F-1D01-470F-82B9-B98D0BA1F39B}.Release|Any CPU.ActiveCfg = Release|Any CPU
		{A14FF37F-1D01-470F-82B9-B98D0BA1F39B}.Release|Any CPU.Build.0 = Release|Any CPU
		{C43E9356-BDAB-4245-AE18-2FFE462DA829}.Debug|Any CPU.ActiveCfg = Debug|Any CPU
		{C43E9356-BDAB-4245-AE18-2FFE462DA829}.Debug|Any CPU.Build.0 = Debug|Any CPU
		{C43E9356-BDAB-4245-AE18-2FFE462DA829}.Release|Any CPU.ActiveCfg = Release|Any CPU
		{C43E9356-BDAB-4245-AE18-2FFE462DA829}.Release|Any CPU.Build.0 = Release|Any CPU
		{39ABEA6C-DFDD-4725-8D93-2E467F369A7E}.Debug|Any CPU.ActiveCfg = Debug|Any CPU
		{39ABEA6C-DFDD-4725-8D93-2E467F369A7E}.Debug|Any CPU.Build.0 = Debug|Any CPU
		{39ABEA6C-DFDD-4725-8D93-2E467F369A7E}.Release|Any CPU.ActiveCfg = Release|Any CPU
		{39ABEA6C-DFDD-4725-8D93-2E467F369A7E}.Release|Any CPU.Build.0 = Release|Any CPU
		{B3C33610-FAB3-4C12-A5FD-354D701C2124}.Debug|Any CPU.ActiveCfg = Debug|Any CPU
		{B3C33610-FAB3-4C12-A5FD-354D701C2124}.Debug|Any CPU.Build.0 = Debug|Any CPU
		{B3C33610-FAB3-4C12-A5FD-354D701C2124}.Release|Any CPU.ActiveCfg = Release|Any CPU
		{B3C33610-FAB3-4C12-A5FD-354D701C2124}.Release|Any CPU.Build.0 = Release|Any CPU
		{C53A1C12-A6A4-4FB3-97F4-92B1BDA5B6FA}.Debug|Any CPU.ActiveCfg = Debug|Any CPU
		{C53A1C12-A6A4-4FB3-97F4-92B1BDA5B6FA}.Debug|Any CPU.Build.0 = Debug|Any CPU
		{C53A1C12-A6A4-4FB3-97F4-92B1BDA5B6FA}.Release|Any CPU.ActiveCfg = Release|Any CPU
		{C53A1C12-A6A4-4FB3-97F4-92B1BDA5B6FA}.Release|Any CPU.Build.0 = Release|Any CPU
	EndGlobalSection
	GlobalSection(SolutionProperties) = preSolution
		HideSolutionNode = FALSE
	EndGlobalSection
	GlobalSection(NestedProjects) = preSolution
		{9B6C85FA-DCD2-49C1-B99C-1AF91D1C0677} = {85F571D8-C84B-44A9-91F5-02D0074B5472}
		{CD547207-1598-4F71-8A18-9BED451388CF} = {9B6C85FA-DCD2-49C1-B99C-1AF91D1C0677}
		{A3E74FD8-1D03-4C80-B6E7-6423593A81C1} = {9B6C85FA-DCD2-49C1-B99C-1AF91D1C0677}
		{1DE7CC59-AD64-4E25-AC8E-A5E926F27747} = {9B6C85FA-DCD2-49C1-B99C-1AF91D1C0677}
		{BB908377-71FE-43EA-8918-7BF859A0C8EA} = {9B6C85FA-DCD2-49C1-B99C-1AF91D1C0677}
		{52782833-AB73-44BB-B2E0-A678823317FA} = {85F571D8-C84B-44A9-91F5-02D0074B5472}
		{3AC4E944-6CDB-4640-9200-B0D047A9DAF9} = {52782833-AB73-44BB-B2E0-A678823317FA}
		{6DD42BD9-C764-4831-9F81-5164DCB41260} = {3AC4E944-6CDB-4640-9200-B0D047A9DAF9}
		{1AF77A88-C638-4211-A869-12CF6852E2EF} = {3AC4E944-6CDB-4640-9200-B0D047A9DAF9}
		{0AB9B56E-CAAF-4FDA-BD68-320A80234E35} = {3AC4E944-6CDB-4640-9200-B0D047A9DAF9}
		{C1B23FC1-94F7-465B-8741-14E6DB0B8C44} = {3AC4E944-6CDB-4640-9200-B0D047A9DAF9}
		{696A92BF-86DF-4920-AA03-9E628F3F7048} = {52782833-AB73-44BB-B2E0-A678823317FA}
		{A85E9B40-943D-4B79-BB9C-BA49AC4310A9} = {696A92BF-86DF-4920-AA03-9E628F3F7048}
		{A14FF37F-1D01-470F-82B9-B98D0BA1F39B} = {696A92BF-86DF-4920-AA03-9E628F3F7048}
		{C43E9356-BDAB-4245-AE18-2FFE462DA829} = {696A92BF-86DF-4920-AA03-9E628F3F7048}
		{E56F7DCA-4936-4361-BFC9-087DD9E3FC1D} = {52782833-AB73-44BB-B2E0-A678823317FA}
		{39ABEA6C-DFDD-4725-8D93-2E467F369A7E} = {E56F7DCA-4936-4361-BFC9-087DD9E3FC1D}
		{B3C33610-FAB3-4C12-A5FD-354D701C2124} = {E56F7DCA-4936-4361-BFC9-087DD9E3FC1D}
		{C53A1C12-A6A4-4FB3-97F4-92B1BDA5B6FA} = {3AC4E944-6CDB-4640-9200-B0D047A9DAF9}
	EndGlobalSection
EndGlobal
