Microsoft Visual Studio Solution File, Format Version 12.00
# Visual Studio Version 17
VisualStudioVersion = 17.5.2.0
MinimumVisualStudioVersion = 10.0.40219.1
Project("{FAE04EC0-301F-11D3-BF4B-00C04F79EFBC}") = "EmailService.API", "EmailService.API\EmailService.API.csproj", "{D70C0394-ECCD-ADD9-C2B5-C08ADB04ECDF}"
EndProject
Project("{FAE04EC0-301F-11D3-BF4B-00C04F79EFBC}") = "EmailService.FunctionalTests", "EmailService.FunctionalTests\EmailService.FunctionalTests.csproj", "{944BF27F-0773-463D-99D6-107189D278F0}"
EndProject
Global
	GlobalSection(SolutionConfigurationPlatforms) = preSolution
		Debug|Any CPU = Debug|Any CPU
		Release|Any CPU = Release|Any CPU
	EndGlobalSection
	GlobalSection(ProjectConfigurationPlatforms) = postSolution
		{D70C0394-ECCD-ADD9-C2B5-C08ADB04ECDF}.Debug|Any CPU.ActiveCfg = Debug|Any CPU
		{D70C0394-ECCD-ADD9-C2B5-C08ADB04ECDF}.Debug|Any CPU.Build.0 = Debug|Any CPU
		{D70C0394-ECCD-ADD9-C2B5-C08ADB04ECDF}.Release|Any CPU.ActiveCfg = Release|Any CPU
		{D70C0394-ECCD-ADD9-C2B5-C08ADB04ECDF}.Release|Any CPU.Build.0 = Release|Any CPU
		{944BF27F-0773-463D-99D6-107189D278F0}.Debug|Any CPU.ActiveCfg = Debug|Any CPU
		{944BF27F-0773-463D-99D6-107189D278F0}.Debug|Any CPU.Build.0 = Debug|Any CPU
		{944BF27F-0773-463D-99D6-107189D278F0}.Release|Any CPU.ActiveCfg = Release|Any CPU
		{944BF27F-0773-463D-99D6-107189D278F0}.Release|Any CPU.Build.0 = Release|Any CPU
	EndGlobalSection
	GlobalSection(SolutionProperties) = preSolution
		HideSolutionNode = FALSE
	EndGlobalSection
	GlobalSection(ExtensibilityGlobals) = postSolution
		SolutionGuid = {1C18EC75-0AE3-4248-A57C-7CB463AA3FB6}
	EndGlobalSection
EndGlobal
